
Microsoft Visual Studio Solution File, Format Version 12.00
# Visual Studio Version 17
VisualStudioVersion = 17.7.34221.43
MinimumVisualStudioVersion = 10.0.40219.1
Project("{FAE04EC0-301F-11D3-BF4B-00C04F79EFBC}") = "PrimeNumbers", "PrimeNumbers\PrimeNumbers.csproj", "{31FC3682-FA5E-412C-BFD1-29D3C6C0BEBB}"
EndProject
Global
	GlobalSection(SolutionConfigurationPlatforms) = preSolution
		Debug|Any CPU = Debug|Any CPU
		Release|Any CPU = Release|Any CPU
	EndGlobalSection
	GlobalSection(ProjectConfigurationPlatforms) = postSolution
		{31FC3682-FA5E-412C-BFD1-29D3C6C0BEBB}.Debug|Any CPU.ActiveCfg = Debug|Any CPU
		{31FC3682-FA5E-412C-BFD1-29D3C6C0BEBB}.Debug|Any CPU.Build.0 = Debug|Any CPU
		{31FC3682-FA5E-412C-BFD1-29D3C6C0BEBB}.Release|Any CPU.ActiveCfg = Release|Any CPU
		{31FC3682-FA5E-412C-BFD1-29D3C6C0BEBB}.Release|Any CPU.Build.0 = Release|Any CPU
	EndGlobalSection
	GlobalSection(SolutionProperties) = preSolution
		HideSolutionNode = FALSE
	EndGlobalSection
	GlobalSection(ExtensibilityGlobals) = postSolution
		SolutionGuid = {CCB9F2EA-F31D-44FD-A978-3D2240C2B14F}
	EndGlobalSection
EndGlobal
