
Microsoft Visual Studio Solution File, Format Version 12.00
# Visual Studio Version 17
VisualStudioVersion = 17.7.34221.43
MinimumVisualStudioVersion = 10.0.40219.1
Project("{FAE04EC0-301F-11D3-BF4B-00C04F79EFBC}") = "KingdomofFriendship", "KingdomofFriendship\KingdomofFriendship.csproj", "{D71B0ACA-673B-4EC2-8E45-9D6785C7FAD4}"
EndProject
Global
	GlobalSection(SolutionConfigurationPlatforms) = preSolution
		Debug|Any CPU = Debug|Any CPU
		Release|Any CPU = Release|Any CPU
	EndGlobalSection
	GlobalSection(ProjectConfigurationPlatforms) = postSolution
		{D71B0ACA-673B-4EC2-8E45-9D6785C7FAD4}.Debug|Any CPU.ActiveCfg = Debug|Any CPU
		{D71B0ACA-673B-4EC2-8E45-9D6785C7FAD4}.Debug|Any CPU.Build.0 = Debug|Any CPU
		{D71B0ACA-673B-4EC2-8E45-9D6785C7FAD4}.Release|Any CPU.ActiveCfg = Release|Any CPU
		{D71B0ACA-673B-4EC2-8E45-9D6785C7FAD4}.Release|Any CPU.Build.0 = Release|Any CPU
	EndGlobalSection
	GlobalSection(SolutionProperties) = preSolution
		HideSolutionNode = FALSE
	EndGlobalSection
	GlobalSection(ExtensibilityGlobals) = postSolution
		SolutionGuid = {C03E7918-D5E2-4F22-ACB5-36238592FB96}
	EndGlobalSection
EndGlobal
