
Microsoft Visual Studio Solution File, Format Version 12.00
# Visual Studio Version 17
VisualStudioVersion = 17.7.34221.43
MinimumVisualStudioVersion = 10.0.40219.1
Project("{FAE04EC0-301F-11D3-BF4B-00C04F79EFBC}") = "PickFromBothSides", "PickFromBothSides\PickFromBothSides.csproj", "{BDC29ABC-024D-4B74-8ACB-92F1D9137357}"
EndProject
Global
	GlobalSection(SolutionConfigurationPlatforms) = preSolution
		Debug|Any CPU = Debug|Any CPU
		Release|Any CPU = Release|Any CPU
	EndGlobalSection
	GlobalSection(ProjectConfigurationPlatforms) = postSolution
		{BDC29ABC-024D-4B74-8ACB-92F1D9137357}.Debug|Any CPU.ActiveCfg = Debug|Any CPU
		{BDC29ABC-024D-4B74-8ACB-92F1D9137357}.Debug|Any CPU.Build.0 = Debug|Any CPU
		{BDC29ABC-024D-4B74-8ACB-92F1D9137357}.Release|Any CPU.ActiveCfg = Release|Any CPU
		{BDC29ABC-024D-4B74-8ACB-92F1D9137357}.Release|Any CPU.Build.0 = Release|Any CPU
	EndGlobalSection
	GlobalSection(SolutionProperties) = preSolution
		HideSolutionNode = FALSE
	EndGlobalSection
	GlobalSection(ExtensibilityGlobals) = postSolution
		SolutionGuid = {8A608FDF-7DD4-4FC3-BC3B-E8E236612F07}
	EndGlobalSection
EndGlobal
