
Microsoft Visual Studio Solution File, Format Version 12.00
# Visual Studio Version 17
VisualStudioVersion = 17.7.34221.43
MinimumVisualStudioVersion = 10.0.40219.1
Project("{FAE04EC0-301F-11D3-BF4B-00C04F79EFBC}") = "FizzBuzz", "FizzBuzz\FizzBuzz.csproj", "{7BD2E1A5-89B7-4AA0-AE7B-7C3B960D2C8E}"
EndProject
Global
	GlobalSection(SolutionConfigurationPlatforms) = preSolution
		Debug|Any CPU = Debug|Any CPU
		Release|Any CPU = Release|Any CPU
	EndGlobalSection
	GlobalSection(ProjectConfigurationPlatforms) = postSolution
		{7BD2E1A5-89B7-4AA0-AE7B-7C3B960D2C8E}.Debug|Any CPU.ActiveCfg = Debug|Any CPU
		{7BD2E1A5-89B7-4AA0-AE7B-7C3B960D2C8E}.Debug|Any CPU.Build.0 = Debug|Any CPU
		{7BD2E1A5-89B7-4AA0-AE7B-7C3B960D2C8E}.Release|Any CPU.ActiveCfg = Release|Any CPU
		{7BD2E1A5-89B7-4AA0-AE7B-7C3B960D2C8E}.Release|Any CPU.Build.0 = Release|Any CPU
	EndGlobalSection
	GlobalSection(SolutionProperties) = preSolution
		HideSolutionNode = FALSE
	EndGlobalSection
	GlobalSection(ExtensibilityGlobals) = postSolution
		SolutionGuid = {AF160206-8625-42F0-BE2C-E56FC9943B57}
	EndGlobalSection
EndGlobal
