
Microsoft Visual Studio Solution File, Format Version 12.00
# Visual Studio Version 17
VisualStudioVersion = 17.7.34221.43
MinimumVisualStudioVersion = 10.0.40219.1
Project("{FAE04EC0-301F-11D3-BF4B-00C04F79EFBC}") = "OddEvenRule", "OddEvenRule\OddEvenRule.csproj", "{F438E634-A6A7-4025-92F7-5FEB5DE8709C}"
EndProject
Global
	GlobalSection(SolutionConfigurationPlatforms) = preSolution
		Debug|Any CPU = Debug|Any CPU
		Release|Any CPU = Release|Any CPU
	EndGlobalSection
	GlobalSection(ProjectConfigurationPlatforms) = postSolution
		{F438E634-A6A7-4025-92F7-5FEB5DE8709C}.Debug|Any CPU.ActiveCfg = Debug|Any CPU
		{F438E634-A6A7-4025-92F7-5FEB5DE8709C}.Debug|Any CPU.Build.0 = Debug|Any CPU
		{F438E634-A6A7-4025-92F7-5FEB5DE8709C}.Release|Any CPU.ActiveCfg = Release|Any CPU
		{F438E634-A6A7-4025-92F7-5FEB5DE8709C}.Release|Any CPU.Build.0 = Release|Any CPU
	EndGlobalSection
	GlobalSection(SolutionProperties) = preSolution
		HideSolutionNode = FALSE
	EndGlobalSection
	GlobalSection(ExtensibilityGlobals) = postSolution
		SolutionGuid = {2DA2D67C-7AEE-41CC-85BE-AF50BDCC9DAB}
	EndGlobalSection
EndGlobal
