
Microsoft Visual Studio Solution File, Format Version 12.00
# Visual Studio Version 17
VisualStudioVersion = 17.7.34221.43
MinimumVisualStudioVersion = 10.0.40219.1
Project("{FAE04EC0-301F-11D3-BF4B-00C04F79EFBC}") = "ArmstrongNumber", "ArmstrongNumber\ArmstrongNumber.csproj", "{D12D63E9-8ECB-4A06-B862-CBECF13A040D}"
EndProject
Global
	GlobalSection(SolutionConfigurationPlatforms) = preSolution
		Debug|Any CPU = Debug|Any CPU
		Release|Any CPU = Release|Any CPU
	EndGlobalSection
	GlobalSection(ProjectConfigurationPlatforms) = postSolution
		{D12D63E9-8ECB-4A06-B862-CBECF13A040D}.Debug|Any CPU.ActiveCfg = Debug|Any CPU
		{D12D63E9-8ECB-4A06-B862-CBECF13A040D}.Debug|Any CPU.Build.0 = Debug|Any CPU
		{D12D63E9-8ECB-4A06-B862-CBECF13A040D}.Release|Any CPU.ActiveCfg = Release|Any CPU
		{D12D63E9-8ECB-4A06-B862-CBECF13A040D}.Release|Any CPU.Build.0 = Release|Any CPU
	EndGlobalSection
	GlobalSection(SolutionProperties) = preSolution
		HideSolutionNode = FALSE
	EndGlobalSection
	GlobalSection(ExtensibilityGlobals) = postSolution
		SolutionGuid = {04948358-6E6B-4285-B13F-73D64DE4C125}
	EndGlobalSection
EndGlobal
