
Microsoft Visual Studio Solution File, Format Version 12.00
# Visual Studio Version 17
VisualStudioVersion = 17.7.34221.43
MinimumVisualStudioVersion = 10.0.40219.1
Project("{FAE04EC0-301F-11D3-BF4B-00C04F79EFBC}") = "HighestProduct", "HighestProduct\HighestProduct.csproj", "{1352A1DC-D8FC-4225-9707-A2AD03E4811D}"
EndProject
Global
	GlobalSection(SolutionConfigurationPlatforms) = preSolution
		Debug|Any CPU = Debug|Any CPU
		Release|Any CPU = Release|Any CPU
	EndGlobalSection
	GlobalSection(ProjectConfigurationPlatforms) = postSolution
		{1352A1DC-D8FC-4225-9707-A2AD03E4811D}.Debug|Any CPU.ActiveCfg = Debug|Any CPU
		{1352A1DC-D8FC-4225-9707-A2AD03E4811D}.Debug|Any CPU.Build.0 = Debug|Any CPU
		{1352A1DC-D8FC-4225-9707-A2AD03E4811D}.Release|Any CPU.ActiveCfg = Release|Any CPU
		{1352A1DC-D8FC-4225-9707-A2AD03E4811D}.Release|Any CPU.Build.0 = Release|Any CPU
	EndGlobalSection
	GlobalSection(SolutionProperties) = preSolution
		HideSolutionNode = FALSE
	EndGlobalSection
	GlobalSection(ExtensibilityGlobals) = postSolution
		SolutionGuid = {68137379-3F7C-425B-B0E2-5AB7F6CCF9CF}
	EndGlobalSection
EndGlobal
